
Microsoft Visual Studio Solution File, Format Version 12.00
# Visual Studio 2012
Project("{E24C65DC-7377-472B-9ABA-BC803B73C61A}") = "NETIS.WEB", "http://localhost:27727", "{1AFD6823-0B8D-49C6-860D-400F799B5A90}"
	ProjectSection(WebsiteProperties) = preProject
		UseIISExpress = "true"
		TargetFrameworkMoniker = ".NETFramework,Version%3Dv4.5"
		Debug.AspNetCompiler.VirtualPath = "/localhost_27727"
		Debug.AspNetCompiler.PhysicalPath = "NETIS.WEB\"
		Debug.AspNetCompiler.TargetPath = "PrecompiledWeb\localhost_27727\"
		Debug.AspNetCompiler.Updateable = "true"
		Debug.AspNetCompiler.ForceOverwrite = "true"
		Debug.AspNetCompiler.FixedNames = "false"
		Debug.AspNetCompiler.Debug = "True"
		Release.AspNetCompiler.VirtualPath = "/localhost_27727"
		Release.AspNetCompiler.PhysicalPath = "NETIS.WEB\"
		Release.AspNetCompiler.TargetPath = "PrecompiledWeb\localhost_27727\"
		Release.AspNetCompiler.Updateable = "true"
		Release.AspNetCompiler.ForceOverwrite = "true"
		Release.AspNetCompiler.FixedNames = "false"
		Release.AspNetCompiler.Debug = "False"
		SlnRelativePath = "NETIS.WEB\"
		DefaultWebSiteLanguage = "Visual C#"
	EndProjectSection
	ProjectSection(ProjectDependencies) = postProject
		{75D430D0-7B31-4FCC-9CD7-DAA277F32D65} = {75D430D0-7B31-4FCC-9CD7-DAA277F32D65}
	EndProjectSection
EndProject
Project("{FAE04EC0-301F-11D3-BF4B-00C04F79EFBC}") = "WCFServicioSOAT", "WCFServicioSOAT\WCFServicioSOAT.csproj", "{75D430D0-7B31-4FCC-9CD7-DAA277F32D65}"
EndProject
Project("{FAE04EC0-301F-11D3-BF4B-00C04F79EFBC}") = "NetisTest", "NetisTest\NetisTest.csproj", "{E75E4751-FE79-4306-8BB1-720BFF8362AF}"
	ProjectSection(ProjectDependencies) = postProject
		{75D430D0-7B31-4FCC-9CD7-DAA277F32D65} = {75D430D0-7B31-4FCC-9CD7-DAA277F32D65}
	EndProjectSection
EndProject
Global
	GlobalSection(SolutionConfigurationPlatforms) = preSolution
		Debug|Any CPU = Debug|Any CPU
		Release|Any CPU = Release|Any CPU
	EndGlobalSection
	GlobalSection(ProjectConfigurationPlatforms) = postSolution
		{1AFD6823-0B8D-49C6-860D-400F799B5A90}.Debug|Any CPU.ActiveCfg = Debug|Any CPU
		{1AFD6823-0B8D-49C6-860D-400F799B5A90}.Debug|Any CPU.Build.0 = Debug|Any CPU
		{1AFD6823-0B8D-49C6-860D-400F799B5A90}.Release|Any CPU.ActiveCfg = Debug|Any CPU
		{1AFD6823-0B8D-49C6-860D-400F799B5A90}.Release|Any CPU.Build.0 = Debug|Any CPU
		{75D430D0-7B31-4FCC-9CD7-DAA277F32D65}.Debug|Any CPU.ActiveCfg = Debug|Any CPU
		{75D430D0-7B31-4FCC-9CD7-DAA277F32D65}.Debug|Any CPU.Build.0 = Debug|Any CPU
		{75D430D0-7B31-4FCC-9CD7-DAA277F32D65}.Release|Any CPU.ActiveCfg = Release|Any CPU
		{75D430D0-7B31-4FCC-9CD7-DAA277F32D65}.Release|Any CPU.Build.0 = Release|Any CPU
		{E75E4751-FE79-4306-8BB1-720BFF8362AF}.Debug|Any CPU.ActiveCfg = Debug|Any CPU
		{E75E4751-FE79-4306-8BB1-720BFF8362AF}.Debug|Any CPU.Build.0 = Debug|Any CPU
		{E75E4751-FE79-4306-8BB1-720BFF8362AF}.Release|Any CPU.ActiveCfg = Release|Any CPU
		{E75E4751-FE79-4306-8BB1-720BFF8362AF}.Release|Any CPU.Build.0 = Release|Any CPU
	EndGlobalSection
	GlobalSection(SolutionProperties) = preSolution
		HideSolutionNode = FALSE
	EndGlobalSection
EndGlobal
